
Microsoft Visual Studio Solution File, Format Version 12.00
# Visual Studio Version 16
VisualStudioVersion = 16.0.29905.134
MinimumVisualStudioVersion = 10.0.40219.1
Project("{FAE04EC0-301F-11D3-BF4B-00C04F79EFBC}") = "AutomationFinal", "AutomationFinal\AutomationFinal.csproj", "{DDE59164-FAAF-4458-9E43-8E1578627F2F}"
EndProject
Global
	GlobalSection(SolutionConfigurationPlatforms) = preSolution
		Debug|Any CPU = Debug|Any CPU
		Release|Any CPU = Release|Any CPU
	EndGlobalSection
	GlobalSection(ProjectConfigurationPlatforms) = postSolution
		{DDE59164-FAAF-4458-9E43-8E1578627F2F}.Debug|Any CPU.ActiveCfg = Debug|Any CPU
		{DDE59164-FAAF-4458-9E43-8E1578627F2F}.Debug|Any CPU.Build.0 = Debug|Any CPU
		{DDE59164-FAAF-4458-9E43-8E1578627F2F}.Release|Any CPU.ActiveCfg = Release|Any CPU
		{DDE59164-FAAF-4458-9E43-8E1578627F2F}.Release|Any CPU.Build.0 = Release|Any CPU
	EndGlobalSection
	GlobalSection(SolutionProperties) = preSolution
		HideSolutionNode = FALSE
	EndGlobalSection
	GlobalSection(ExtensibilityGlobals) = postSolution
		SolutionGuid = {928BFA22-0DE3-4C61-AA8E-A5C721E8C25D}
	EndGlobalSection
EndGlobal
